
Microsoft Visual Studio Solution File, Format Version 12.00
# Visual Studio 15
VisualStudioVersion = 15.0.27130.2010
MinimumVisualStudioVersion = 10.0.40219.1
Project("{FAE04EC0-301F-11D3-BF4B-00C04F79EFBC}") = "DutchRetreat", "DutchRetreat\DutchRetreat.csproj", "{3AE1403B-6283-4EEA-8F14-0F02A4CCC5C4}"
EndProject
Global
	GlobalSection(SolutionConfigurationPlatforms) = preSolution
		Debug|Any CPU = Debug|Any CPU
		Release|Any CPU = Release|Any CPU
	EndGlobalSection
	GlobalSection(ProjectConfigurationPlatforms) = postSolution
		{3AE1403B-6283-4EEA-8F14-0F02A4CCC5C4}.Debug|Any CPU.ActiveCfg = Debug|Any CPU
		{3AE1403B-6283-4EEA-8F14-0F02A4CCC5C4}.Debug|Any CPU.Build.0 = Debug|Any CPU
		{3AE1403B-6283-4EEA-8F14-0F02A4CCC5C4}.Release|Any CPU.ActiveCfg = Release|Any CPU
		{3AE1403B-6283-4EEA-8F14-0F02A4CCC5C4}.Release|Any CPU.Build.0 = Release|Any CPU
	EndGlobalSection
	GlobalSection(SolutionProperties) = preSolution
		HideSolutionNode = FALSE
	EndGlobalSection
	GlobalSection(ExtensibilityGlobals) = postSolution
		SolutionGuid = {EF1FB74F-0598-41C1-BDAB-3C4600A6E72C}
	EndGlobalSection
EndGlobal
